
Microsoft Visual Studio Solution File, Format Version 12.00
Project("{2150E333-8FDC-42A3-9474-1A3956D46DE8}") = "Infrastructure", "Infrastructure", "{54033464-3C63-488A-84CF-C239EF53EB63}"
EndProject
Project("{2150E333-8FDC-42A3-9474-1A3956D46DE8}") = "Application", "Application", "{3307997E-1AC4-4F9E-9B5B-289248D290FA}"
EndProject
Project("{2150E333-8FDC-42A3-9474-1A3956D46DE8}") = "Domain", "Domain", "{86C3CB85-7C45-4D5B-9472-BCCB6385C610}"
EndProject
Project("{2150E333-8FDC-42A3-9474-1A3956D46DE8}") = "WebApi", "WebApi", "{72700B58-1FC5-4779-8EC9-6F68E9EF2020}"
EndProject
Project("{FAE04EC0-301F-11D3-BF4B-00C04F79EFBC}") = "EntryPoint", "WebApi\Application\EntryPoint\EntryPoint.csproj", "{6C0435AE-EA3B-4692-BB62-40E5C9BE17A0}"
EndProject
Project("{FAE04EC0-301F-11D3-BF4B-00C04F79EFBC}") = "DataLayer", "WebApi\Infrastructure\DataLayer\DataLayer.csproj", "{0AB9102E-D28E-4744-81D3-0C628363FB6D}"
EndProject
Project("{FAE04EC0-301F-11D3-BF4B-00C04F79EFBC}") = "Core", "WebApi\Domain\Core\Core.csproj", "{D66BB890-6E1B-432D-9224-F8426C15BD15}"
EndProject
Global
	GlobalSection(SolutionConfigurationPlatforms) = preSolution
		Debug|Any CPU = Debug|Any CPU
		Release|Any CPU = Release|Any CPU
	EndGlobalSection
	GlobalSection(ProjectConfigurationPlatforms) = postSolution
		{6C0435AE-EA3B-4692-BB62-40E5C9BE17A0}.Debug|Any CPU.ActiveCfg = Debug|Any CPU
		{6C0435AE-EA3B-4692-BB62-40E5C9BE17A0}.Debug|Any CPU.Build.0 = Debug|Any CPU
		{6C0435AE-EA3B-4692-BB62-40E5C9BE17A0}.Release|Any CPU.ActiveCfg = Release|Any CPU
		{6C0435AE-EA3B-4692-BB62-40E5C9BE17A0}.Release|Any CPU.Build.0 = Release|Any CPU
		{0AB9102E-D28E-4744-81D3-0C628363FB6D}.Debug|Any CPU.ActiveCfg = Debug|Any CPU
		{0AB9102E-D28E-4744-81D3-0C628363FB6D}.Debug|Any CPU.Build.0 = Debug|Any CPU
		{0AB9102E-D28E-4744-81D3-0C628363FB6D}.Release|Any CPU.ActiveCfg = Release|Any CPU
		{0AB9102E-D28E-4744-81D3-0C628363FB6D}.Release|Any CPU.Build.0 = Release|Any CPU
		{D66BB890-6E1B-432D-9224-F8426C15BD15}.Debug|Any CPU.ActiveCfg = Debug|Any CPU
		{D66BB890-6E1B-432D-9224-F8426C15BD15}.Debug|Any CPU.Build.0 = Debug|Any CPU
		{D66BB890-6E1B-432D-9224-F8426C15BD15}.Release|Any CPU.ActiveCfg = Release|Any CPU
		{D66BB890-6E1B-432D-9224-F8426C15BD15}.Release|Any CPU.Build.0 = Release|Any CPU
	EndGlobalSection
	GlobalSection(NestedProjects) = preSolution
		{54033464-3C63-488A-84CF-C239EF53EB63} = {72700B58-1FC5-4779-8EC9-6F68E9EF2020}
		{86C3CB85-7C45-4D5B-9472-BCCB6385C610} = {72700B58-1FC5-4779-8EC9-6F68E9EF2020}
		{3307997E-1AC4-4F9E-9B5B-289248D290FA} = {72700B58-1FC5-4779-8EC9-6F68E9EF2020}
		{6C0435AE-EA3B-4692-BB62-40E5C9BE17A0} = {3307997E-1AC4-4F9E-9B5B-289248D290FA}
		{0AB9102E-D28E-4744-81D3-0C628363FB6D} = {54033464-3C63-488A-84CF-C239EF53EB63}
		{D66BB890-6E1B-432D-9224-F8426C15BD15} = {86C3CB85-7C45-4D5B-9472-BCCB6385C610}
	EndGlobalSection
EndGlobal
